
Microsoft Visual Studio Solution File, Format Version 12.00
Project("{2150E333-8FDC-42A3-9474-1A3956D46DE8}") = "misc", "misc", "{D15E453D-343D-42EC-A956-3ED6E81E709C}"
	ProjectSection(SolutionItems) = preProject
		.gitignore = .gitignore
	EndProjectSection
EndProject
Project("{FAE04EC0-301F-11D3-BF4B-00C04F79EFBC}") = "Trinkhalle.Api.Tests", "Trinkhalle.Api.Tests\Trinkhalle.Api.Tests.csproj", "{85E33188-A2B4-4CB6-AE57-A80688625EFF}"
EndProject
Project("{FAE04EC0-301F-11D3-BF4B-00C04F79EFBC}") = "Trinkhalle.Api", "Trinkhalle.Api\Trinkhalle.Api.csproj", "{530A532A-2C70-4943-8919-020D58B33E58}"
EndProject
Global
	GlobalSection(SolutionConfigurationPlatforms) = preSolution
		Debug|Any CPU = Debug|Any CPU
		Release|Any CPU = Release|Any CPU
	EndGlobalSection
	GlobalSection(NestedProjects) = preSolution
	EndGlobalSection
	GlobalSection(ProjectConfigurationPlatforms) = postSolution
		{85E33188-A2B4-4CB6-AE57-A80688625EFF}.Debug|Any CPU.ActiveCfg = Debug|Any CPU
		{85E33188-A2B4-4CB6-AE57-A80688625EFF}.Debug|Any CPU.Build.0 = Debug|Any CPU
		{85E33188-A2B4-4CB6-AE57-A80688625EFF}.Release|Any CPU.ActiveCfg = Release|Any CPU
		{85E33188-A2B4-4CB6-AE57-A80688625EFF}.Release|Any CPU.Build.0 = Release|Any CPU
		{530A532A-2C70-4943-8919-020D58B33E58}.Debug|Any CPU.ActiveCfg = Debug|Any CPU
		{530A532A-2C70-4943-8919-020D58B33E58}.Debug|Any CPU.Build.0 = Debug|Any CPU
		{530A532A-2C70-4943-8919-020D58B33E58}.Release|Any CPU.ActiveCfg = Release|Any CPU
		{530A532A-2C70-4943-8919-020D58B33E58}.Release|Any CPU.Build.0 = Release|Any CPU
	EndGlobalSection
EndGlobal
